
Microsoft Visual Studio Solution File, Format Version 12.00
# Visual Studio 14
VisualStudioVersion = 14.0.24720.0
MinimumVisualStudioVersion = 10.0.40219.1
Project("{FAE04EC0-301F-11D3-BF4B-00C04F79EFBC}") = "NotificationWindow", "NotificationWindow.csproj", "{605006EB-D4E6-4312-A293-3A43FAC43240}"
EndProject
Project("{FAE04EC0-301F-11D3-BF4B-00C04F79EFBC}") = "PN0tst", "..\PN0tst\PN0tst.csproj", "{392709CE-F7B1-4A36-A368-D64709927AEE}"
EndProject
Global
	GlobalSection(SolutionConfigurationPlatforms) = preSolution
		Debug|Any CPU = Debug|Any CPU
		Debug|Mixed Platforms = Debug|Mixed Platforms
		Debug|x86 = Debug|x86
		Release|Any CPU = Release|Any CPU
		Release|Mixed Platforms = Release|Mixed Platforms
		Release|x86 = Release|x86
	EndGlobalSection
	GlobalSection(ProjectConfigurationPlatforms) = postSolution
		{605006EB-D4E6-4312-A293-3A43FAC43240}.Debug|Any CPU.ActiveCfg = Debug|Any CPU
		{605006EB-D4E6-4312-A293-3A43FAC43240}.Debug|Any CPU.Build.0 = Debug|Any CPU
		{605006EB-D4E6-4312-A293-3A43FAC43240}.Debug|Mixed Platforms.ActiveCfg = Debug|Any CPU
		{605006EB-D4E6-4312-A293-3A43FAC43240}.Debug|Mixed Platforms.Build.0 = Debug|Any CPU
		{605006EB-D4E6-4312-A293-3A43FAC43240}.Debug|x86.ActiveCfg = Debug|Any CPU
		{605006EB-D4E6-4312-A293-3A43FAC43240}.Release|Any CPU.ActiveCfg = Release|Any CPU
		{605006EB-D4E6-4312-A293-3A43FAC43240}.Release|Any CPU.Build.0 = Release|Any CPU
		{605006EB-D4E6-4312-A293-3A43FAC43240}.Release|Mixed Platforms.ActiveCfg = Release|Any CPU
		{605006EB-D4E6-4312-A293-3A43FAC43240}.Release|Mixed Platforms.Build.0 = Release|Any CPU
		{605006EB-D4E6-4312-A293-3A43FAC43240}.Release|x86.ActiveCfg = Release|Any CPU
		{392709CE-F7B1-4A36-A368-D64709927AEE}.Debug|Any CPU.ActiveCfg = Debug|Any CPU
		{392709CE-F7B1-4A36-A368-D64709927AEE}.Debug|Any CPU.Build.0 = Debug|Any CPU
		{392709CE-F7B1-4A36-A368-D64709927AEE}.Debug|Mixed Platforms.ActiveCfg = Debug|Any CPU
		{392709CE-F7B1-4A36-A368-D64709927AEE}.Debug|Mixed Platforms.Build.0 = Debug|Any CPU
		{392709CE-F7B1-4A36-A368-D64709927AEE}.Debug|x86.ActiveCfg = Debug|Any CPU
		{392709CE-F7B1-4A36-A368-D64709927AEE}.Debug|x86.Build.0 = Debug|Any CPU
		{392709CE-F7B1-4A36-A368-D64709927AEE}.Release|Any CPU.ActiveCfg = Release|Any CPU
		{392709CE-F7B1-4A36-A368-D64709927AEE}.Release|Any CPU.Build.0 = Release|Any CPU
		{392709CE-F7B1-4A36-A368-D64709927AEE}.Release|Mixed Platforms.ActiveCfg = Release|Any CPU
		{392709CE-F7B1-4A36-A368-D64709927AEE}.Release|Mixed Platforms.Build.0 = Release|Any CPU
		{392709CE-F7B1-4A36-A368-D64709927AEE}.Release|x86.ActiveCfg = Release|Any CPU
		{392709CE-F7B1-4A36-A368-D64709927AEE}.Release|x86.Build.0 = Release|Any CPU
	EndGlobalSection
	GlobalSection(SolutionProperties) = preSolution
		HideSolutionNode = FALSE
	EndGlobalSection
EndGlobal
